// !$*UTF8*$!
{
	archiveVersion = 1;
	classes = {
	};
	objectVersion = 46;
	objects = {

/* Begin PBXBuildFile section */
		775C02D61B881FA100680E88 /* main.cpp in Sources */ = {isa = PBXBuildFile; fileRef = 775C02D51B881FA100680E88 /* main.cpp */; };
		775C02DE1B881FCA00680E88 /* BiTNode.cpp in Sources */ = {isa = PBXBuildFile; fileRef = 775C02DC1B881FCA00680E88 /* BiTNode.cpp */; };
/* End PBXBuildFile section */

/* Begin PBXCopyFilesBuildPhase section */
		775C02D01B881FA100680E88 /* CopyFiles */ = {
			isa = PBXCopyFilesBuildPhase;
			buildActionMask = 2147483647;
			dstPath = /usr/share/man/man1/;
			dstSubfolderSpec = 0;
			files = (
			);
			runOnlyForDeploymentPostprocessing = 1;
		};
/* End PBXCopyFilesBuildPhase section */

/* Begin PBXFileReference section */
		775C02D21B881FA100680E88 /* 二叉树的各种便利(全) */ = {isa = PBXFileReference; explicitFileType = "compiled.mach-o.executable"; includeInIndex = 0; path = "二叉树的各种便利(全)"; sourceTree = BUILT_PRODUCTS_DIR; };
		775C02D51B881FA100680E88 /* main.cpp */ = {isa = PBXFileReference; lastKnownFileType = sourcecode.cpp.cpp; path = main.cpp; sourceTree = "<group>"; };
		775C02DC1B881FCA00680E88 /* BiTNode.cpp */ = {isa = PBXFileReference; fileEncoding = 4; lastKnownFileType = sourcecode.cpp.cpp; path = BiTNode.cpp; sourceTree = "<group>"; };
		775C02DD1B881FCA00680E88 /* BiTNode.hpp */ = {isa = PBXFileReference; fileEncoding = 4; lastKnownFileType = sourcecode.cpp.h; path = BiTNode.hpp; sourceTree = "<group>"; };
/* End PBXFileReference section */

/* Begin PBXFrameworksBuildPhase section */
		775C02CF1B881FA100680E88 /* Frameworks */ = {
			isa = PBXFrameworksBuildPhase;
			buildActionMask = 2147483647;
			files = (
			);
			runOnlyForDeploymentPostprocessing = 0;
		};
/* End PBXFrameworksBuildPhase section */

/* Begin PBXGroup section */
		775C02C91B881FA100680E88 = {
			isa = PBXGroup;
			children = (
				775C02D41B881FA100680E88 /* 二叉树的各种便利(全) */,
				775C02D31B881FA100680E88 /* Products */,
			);
			sourceTree = "<group>";
		};
		775C02D31B881FA100680E88 /* Products */ = {
			isa = PBXGroup;
			children = (
				775C02D21B881FA100680E88 /* 二叉树的各种便利(全) */,
			);
			name = Products;
			sourceTree = "<group>";
		};
		775C02D41B881FA100680E88 /* 二叉树的各种便利(全) */ = {
			isa = PBXGroup;
			children = (
				775C02D51B881FA100680E88 /* main.cpp */,
				775C02DC1B881FCA00680E88 /* BiTNode.cpp */,
				775C02DD1B881FCA00680E88 /* BiTNode.hpp */,
			);
			path = "二叉树的各种便利(全)";
			sourceTree = "<group>";
		};
/* End PBXGroup section */

/* Begin PBXNativeTarget section */
		775C02D11B881FA100680E88 /* 二叉树的各种便利(全) */ = {
			isa = PBXNativeTarget;
			buildConfigurationList = 775C02D91B881FA100680E88 /* Build configuration list for PBXNativeTarget "二叉树的各种便利(全)" */;
			buildPhases = (
				775C02CE1B881FA100680E88 /* Sources */,
				775C02CF1B881FA100680E88 /* Frameworks */,
				775C02D01B881FA100680E88 /* CopyFiles */,
			);
			buildRules = (
			);
			dependencies = (
			);
			name = "二叉树的各种便利(全)";
			productName = "二叉树的各种便利(全)";
			productReference = 775C02D21B881FA100680E88 /* 二叉树的各种便利(全) */;
			productType = "com.apple.product-type.tool";
		};
/* End PBXNativeTarget section */

/* Begin PBXProject section */
		775C02CA1B881FA100680E88 /* Project object */ = {
			isa = PBXProject;
			attributes = {
				LastUpgradeCheck = 0700;
				ORGANIZATIONNAME = "游义男";
				TargetAttributes = {
					775C02D11B881FA100680E88 = {
						CreatedOnToolsVersion = 7.0;
					};
				};
			};
			buildConfigurationList = 775C02CD1B881FA100680E88 /* Build configuration list for PBXProject "二叉树的各种便利(全)" */;
			compatibilityVersion = "Xcode 3.2";
			developmentRegion = English;
			hasScannedForEncodings = 0;
			knownRegions = (
				en,
			);
			mainGroup = 775C02C91B881FA100680E88;
			productRefGroup = 775C02D31B881FA100680E88 /* Products */;
			projectDirPath = "";
			projectRoot = "";
			targets = (
				775C02D11B881FA100680E88 /* 二叉树的各种便利(全) */,
			);
		};
/* End PBXProject section */

/* Begin PBXSourcesBuildPhase section */
		775C02CE1B881FA100680E88 /* Sources */ = {
			isa = PBXSourcesBuildPhase;
			buildActionMask = 2147483647;
			files = (
				775C02D61B881FA100680E88 /* main.cpp in Sources */,
				775C02DE1B881FCA00680E88 /* BiTNode.cpp in Sources */,
			);
			runOnlyForDeploymentPostprocessing = 0;
		};
/* End PBXSourcesBuildPhase section */

/* Begin XCBuildConfiguration section */
		775C02D71B881FA100680E88 /* Debug */ = {
			isa = XCBuildConfiguration;
			buildSettings = {
				ALWAYS_SEARCH_USER_PATHS = NO;
				CLANG_CXX_LANGUAGE_STANDARD = "gnu++0x";
				CLANG_CXX_LIBRARY = "libc++";
				CLANG_ENABLE_MODULES = YES;
				CLANG_ENABLE_OBJC_ARC = YES;
				CLANG_WARN_BOOL_CONVERSION = YES;
				CLANG_WARN_CONSTANT_CONVERSION = YES;
				CLANG_WARN_DIRECT_OBJC_ISA_USAGE = YES_ERROR;
				CLANG_WARN_EMPTY_BODY = YES;
				CLANG_WARN_ENUM_CONVERSION = YES;
				CLANG_WARN_INT_CONVERSION = YES;
				CLANG_WARN_OBJC_ROOT_CLASS = YES_ERROR;
				CLANG_WARN_UNREACHABLE_CODE = YES;
				CLANG_WARN__DUPLICATE_METHOD_MATCH = YES;
				COPY_PHASE_STRIP = NO;
				DEBUG_INFORMATION_FORMAT = dwarf;
				ENABLE_STRICT_OBJC_MSGSEND = YES;
				ENABLE_TESTABILITY = YES;
				GCC_C_LANGUAGE_STANDARD = gnu99;
				GCC_DYNAMIC_NO_PIC = NO;
				GCC_NO_COMMON_BLOCKS = YES;
				GCC_OPTIMIZATION_LEVEL = 0;
				GCC_PREPROCESSOR_DEFINITIONS = (
					"DEBUG=1",
					"$(inherited)",
				);
				GCC_WARN_64_TO_32_BIT_CONVERSION = YES;
				GCC_WARN_ABOUT_RETURN_TYPE = YES_ERROR;
				GCC_WARN_UNDECLARED_SELECTOR = YES;
				GCC_WARN_UNINITIALIZED_AUTOS = YES_AGGRESSIVE;
				GCC_WARN_UNUSED_FUNCTION = YES;
				GCC_WARN_UNUSED_VARIABLE = YES;
				MACOSX_DEPLOYMENT_TARGET = 10.10;
				MTL_ENABLE_DEBUG_INFO = YES;
				ONLY_ACTIVE_ARCH = YES;
				SDKROOT = macosx;
			};
			name = Debug;
		};
		775C02D81B881FA100680E88 /* Release */ = {
			isa = XCBuildConfiguration;
			buildSettings = {
				ALWAYS_SEARCH_USER_PATHS = NO;
				CLANG_CXX_LANGUAGE_STANDARD = "gnu++0x";
				CLANG_CXX_LIBRARY = "libc++";
				CLANG_ENABLE_MODULES = YES;
				CLANG_ENABLE_OBJC_ARC = YES;
				CLANG_WARN_BOOL_CONVERSION = YES;
				CLANG_WARN_CONSTANT_CONVERSION = YES;
				CLANG_WARN_DIRECT_OBJC_ISA_USAGE = YES_ERROR;
				CLANG_WARN_EMPTY_BODY = YES;
				CLANG_WARN_ENUM_CONVERSION = YES;
				CLANG_WARN_INT_CONVERSION = YES;
				CLANG_WARN_OBJC_ROOT_CLASS = YES_ERROR;
				CLANG_WARN_UNREACHABLE_CODE = YES;
				CLANG_WARN__DUPLICATE_METHOD_MATCH = YES;
				COPY_PHASE_STRIP = NO;
				DEBUG_INFORMATION_FORMAT = "dwarf-with-dsym";
				ENABLE_NS_ASSERTIONS = NO;
				ENABLE_STRICT_OBJC_MSGSEND = YES;
				GCC_C_LANGUAGE_STANDARD = gnu99;
				GCC_NO_COMMON_BLOCKS = YES;
				GCC_WARN_64_TO_32_BIT_CONVERSION = YES;
				GCC_WARN_ABOUT_RETURN_TYPE = YES_ERROR;
				GCC_WARN_UNDECLARED_SELECTOR = YES;
				GCC_WARN_UNINITIALIZED_AUTOS = YES_AGGRESSIVE;
				GCC_WARN_UNUSED_FUNCTION = YES;
				GCC_WARN_UNUSED_VARIABLE = YES;
				MACOSX_DEPLOYMENT_TARGET = 10.10;
				MTL_ENABLE_DEBUG_INFO = NO;
				SDKROOT = macosx;
			};
			name = Release;
		};
		775C02DA1B881FA100680E88 /* Debug */ = {
			isa = XCBuildConfiguration;
			buildSettings = {
				PRODUCT_NAME = "$(TARGET_NAME)";
			};
			name = Debug;
		};
		775C02DB1B881FA100680E88 /* Release */ = {
			isa = XCBuildConfiguration;
			buildSettings = {
				PRODUCT_NAME = "$(TARGET_NAME)";
			};
			name = Release;
		};
/* End XCBuildConfiguration section */

/* Begin XCConfigurationList section */
		775C02CD1B881FA100680E88 /* Build configuration list for PBXProject "二叉树的各种便利(全)" */ = {
			isa = XCConfigurationList;
			buildConfigurations = (
				775C02D71B881FA100680E88 /* Debug */,
				775C02D81B881FA100680E88 /* Release */,
			);
			defaultConfigurationIsVisible = 0;
			defaultConfigurationName = Release;
		};
		775C02D91B881FA100680E88 /* Build configuration list for PBXNativeTarget "二叉树的各种便利(全)" */ = {
			isa = XCConfigurationList;
			buildConfigurations = (
				775C02DA1B881FA100680E88 /* Debug */,
				775C02DB1B881FA100680E88 /* Release */,
			);
			defaultConfigurationIsVisible = 0;
		};
/* End XCConfigurationList section */
	};
	rootObject = 775C02CA1B881FA100680E88 /* Project object */;
}
