// !$*UTF8*$!
{
	archiveVersion = 1;
	classes = {
	};
	objectVersion = 46;
	objects = {

/* Begin PBXBuildFile section */
		77B7B3E91B8A2547007B858E /* main.cpp in Sources */ = {isa = PBXBuildFile; fileRef = 77B7B3E81B8A2547007B858E /* main.cpp */; };
		77B7B3F11B8A2952007B858E /* heapSort.cpp in Sources */ = {isa = PBXBuildFile; fileRef = 77B7B3EF1B8A2952007B858E /* heapSort.cpp */; };
/* End PBXBuildFile section */

/* Begin PBXCopyFilesBuildPhase section */
		77B7B3E31B8A2547007B858E /* CopyFiles */ = {
			isa = PBXCopyFilesBuildPhase;
			buildActionMask = 2147483647;
			dstPath = /usr/share/man/man1/;
			dstSubfolderSpec = 0;
			files = (
			);
			runOnlyForDeploymentPostprocessing = 1;
		};
/* End PBXCopyFilesBuildPhase section */

/* Begin PBXFileReference section */
		77B7B3E51B8A2547007B858E /* 7.堆与堆排序 */ = {isa = PBXFileReference; explicitFileType = "compiled.mach-o.executable"; includeInIndex = 0; path = "7.堆与堆排序"; sourceTree = BUILT_PRODUCTS_DIR; };
		77B7B3E81B8A2547007B858E /* main.cpp */ = {isa = PBXFileReference; lastKnownFileType = sourcecode.cpp.cpp; path = main.cpp; sourceTree = "<group>"; };
		77B7B3EF1B8A2952007B858E /* heapSort.cpp */ = {isa = PBXFileReference; fileEncoding = 4; lastKnownFileType = sourcecode.cpp.cpp; path = heapSort.cpp; sourceTree = "<group>"; };
		77B7B3F01B8A2952007B858E /* heapSort.hpp */ = {isa = PBXFileReference; fileEncoding = 4; lastKnownFileType = sourcecode.cpp.h; path = heapSort.hpp; sourceTree = "<group>"; };
/* End PBXFileReference section */

/* Begin PBXFrameworksBuildPhase section */
		77B7B3E21B8A2547007B858E /* Frameworks */ = {
			isa = PBXFrameworksBuildPhase;
			buildActionMask = 2147483647;
			files = (
			);
			runOnlyForDeploymentPostprocessing = 0;
		};
/* End PBXFrameworksBuildPhase section */

/* Begin PBXGroup section */
		77B7B3DC1B8A2547007B858E = {
			isa = PBXGroup;
			children = (
				77B7B3E71B8A2547007B858E /* 7.堆与堆排序 */,
				77B7B3E61B8A2547007B858E /* Products */,
			);
			sourceTree = "<group>";
		};
		77B7B3E61B8A2547007B858E /* Products */ = {
			isa = PBXGroup;
			children = (
				77B7B3E51B8A2547007B858E /* 7.堆与堆排序 */,
			);
			name = Products;
			sourceTree = "<group>";
		};
		77B7B3E71B8A2547007B858E /* 7.堆与堆排序 */ = {
			isa = PBXGroup;
			children = (
				77B7B3E81B8A2547007B858E /* main.cpp */,
				77B7B3EF1B8A2952007B858E /* heapSort.cpp */,
				77B7B3F01B8A2952007B858E /* heapSort.hpp */,
			);
			path = "7.堆与堆排序";
			sourceTree = "<group>";
		};
/* End PBXGroup section */

/* Begin PBXNativeTarget section */
		77B7B3E41B8A2547007B858E /* 7.堆与堆排序 */ = {
			isa = PBXNativeTarget;
			buildConfigurationList = 77B7B3EC1B8A2547007B858E /* Build configuration list for PBXNativeTarget "7.堆与堆排序" */;
			buildPhases = (
				77B7B3E11B8A2547007B858E /* Sources */,
				77B7B3E21B8A2547007B858E /* Frameworks */,
				77B7B3E31B8A2547007B858E /* CopyFiles */,
			);
			buildRules = (
			);
			dependencies = (
			);
			name = "7.堆与堆排序";
			productName = "7.堆与堆排序";
			productReference = 77B7B3E51B8A2547007B858E /* 7.堆与堆排序 */;
			productType = "com.apple.product-type.tool";
		};
/* End PBXNativeTarget section */

/* Begin PBXProject section */
		77B7B3DD1B8A2547007B858E /* Project object */ = {
			isa = PBXProject;
			attributes = {
				LastUpgradeCheck = 0700;
				ORGANIZATIONNAME = "游义男";
				TargetAttributes = {
					77B7B3E41B8A2547007B858E = {
						CreatedOnToolsVersion = 7.0;
					};
				};
			};
			buildConfigurationList = 77B7B3E01B8A2547007B858E /* Build configuration list for PBXProject "7.堆与堆排序" */;
			compatibilityVersion = "Xcode 3.2";
			developmentRegion = English;
			hasScannedForEncodings = 0;
			knownRegions = (
				en,
			);
			mainGroup = 77B7B3DC1B8A2547007B858E;
			productRefGroup = 77B7B3E61B8A2547007B858E /* Products */;
			projectDirPath = "";
			projectRoot = "";
			targets = (
				77B7B3E41B8A2547007B858E /* 7.堆与堆排序 */,
			);
		};
/* End PBXProject section */

/* Begin PBXSourcesBuildPhase section */
		77B7B3E11B8A2547007B858E /* Sources */ = {
			isa = PBXSourcesBuildPhase;
			buildActionMask = 2147483647;
			files = (
				77B7B3E91B8A2547007B858E /* main.cpp in Sources */,
				77B7B3F11B8A2952007B858E /* heapSort.cpp in Sources */,
			);
			runOnlyForDeploymentPostprocessing = 0;
		};
/* End PBXSourcesBuildPhase section */

/* Begin XCBuildConfiguration section */
		77B7B3EA1B8A2547007B858E /* Debug */ = {
			isa = XCBuildConfiguration;
			buildSettings = {
				ALWAYS_SEARCH_USER_PATHS = NO;
				CLANG_CXX_LANGUAGE_STANDARD = "gnu++0x";
				CLANG_CXX_LIBRARY = "libc++";
				CLANG_ENABLE_MODULES = YES;
				CLANG_ENABLE_OBJC_ARC = YES;
				CLANG_WARN_BOOL_CONVERSION = YES;
				CLANG_WARN_CONSTANT_CONVERSION = YES;
				CLANG_WARN_DIRECT_OBJC_ISA_USAGE = YES_ERROR;
				CLANG_WARN_EMPTY_BODY = YES;
				CLANG_WARN_ENUM_CONVERSION = YES;
				CLANG_WARN_INT_CONVERSION = YES;
				CLANG_WARN_OBJC_ROOT_CLASS = YES_ERROR;
				CLANG_WARN_UNREACHABLE_CODE = YES;
				CLANG_WARN__DUPLICATE_METHOD_MATCH = YES;
				COPY_PHASE_STRIP = NO;
				DEBUG_INFORMATION_FORMAT = dwarf;
				ENABLE_STRICT_OBJC_MSGSEND = YES;
				ENABLE_TESTABILITY = YES;
				GCC_C_LANGUAGE_STANDARD = gnu99;
				GCC_DYNAMIC_NO_PIC = NO;
				GCC_NO_COMMON_BLOCKS = YES;
				GCC_OPTIMIZATION_LEVEL = 0;
				GCC_PREPROCESSOR_DEFINITIONS = (
					"DEBUG=1",
					"$(inherited)",
				);
				GCC_WARN_64_TO_32_BIT_CONVERSION = YES;
				GCC_WARN_ABOUT_RETURN_TYPE = YES_ERROR;
				GCC_WARN_UNDECLARED_SELECTOR = YES;
				GCC_WARN_UNINITIALIZED_AUTOS = YES_AGGRESSIVE;
				GCC_WARN_UNUSED_FUNCTION = YES;
				GCC_WARN_UNUSED_VARIABLE = YES;
				MACOSX_DEPLOYMENT_TARGET = 10.10;
				MTL_ENABLE_DEBUG_INFO = YES;
				ONLY_ACTIVE_ARCH = YES;
				SDKROOT = macosx;
			};
			name = Debug;
		};
		77B7B3EB1B8A2547007B858E /* Release */ = {
			isa = XCBuildConfiguration;
			buildSettings = {
				ALWAYS_SEARCH_USER_PATHS = NO;
				CLANG_CXX_LANGUAGE_STANDARD = "gnu++0x";
				CLANG_CXX_LIBRARY = "libc++";
				CLANG_ENABLE_MODULES = YES;
				CLANG_ENABLE_OBJC_ARC = YES;
				CLANG_WARN_BOOL_CONVERSION = YES;
				CLANG_WARN_CONSTANT_CONVERSION = YES;
				CLANG_WARN_DIRECT_OBJC_ISA_USAGE = YES_ERROR;
				CLANG_WARN_EMPTY_BODY = YES;
				CLANG_WARN_ENUM_CONVERSION = YES;
				CLANG_WARN_INT_CONVERSION = YES;
				CLANG_WARN_OBJC_ROOT_CLASS = YES_ERROR;
				CLANG_WARN_UNREACHABLE_CODE = YES;
				CLANG_WARN__DUPLICATE_METHOD_MATCH = YES;
				COPY_PHASE_STRIP = NO;
				DEBUG_INFORMATION_FORMAT = "dwarf-with-dsym";
				ENABLE_NS_ASSERTIONS = NO;
				ENABLE_STRICT_OBJC_MSGSEND = YES;
				GCC_C_LANGUAGE_STANDARD = gnu99;
				GCC_NO_COMMON_BLOCKS = YES;
				GCC_WARN_64_TO_32_BIT_CONVERSION = YES;
				GCC_WARN_ABOUT_RETURN_TYPE = YES_ERROR;
				GCC_WARN_UNDECLARED_SELECTOR = YES;
				GCC_WARN_UNINITIALIZED_AUTOS = YES_AGGRESSIVE;
				GCC_WARN_UNUSED_FUNCTION = YES;
				GCC_WARN_UNUSED_VARIABLE = YES;
				MACOSX_DEPLOYMENT_TARGET = 10.10;
				MTL_ENABLE_DEBUG_INFO = NO;
				SDKROOT = macosx;
			};
			name = Release;
		};
		77B7B3ED1B8A2547007B858E /* Debug */ = {
			isa = XCBuildConfiguration;
			buildSettings = {
				PRODUCT_NAME = "$(TARGET_NAME)";
			};
			name = Debug;
		};
		77B7B3EE1B8A2547007B858E /* Release */ = {
			isa = XCBuildConfiguration;
			buildSettings = {
				PRODUCT_NAME = "$(TARGET_NAME)";
			};
			name = Release;
		};
/* End XCBuildConfiguration section */

/* Begin XCConfigurationList section */
		77B7B3E01B8A2547007B858E /* Build configuration list for PBXProject "7.堆与堆排序" */ = {
			isa = XCConfigurationList;
			buildConfigurations = (
				77B7B3EA1B8A2547007B858E /* Debug */,
				77B7B3EB1B8A2547007B858E /* Release */,
			);
			defaultConfigurationIsVisible = 0;
			defaultConfigurationName = Release;
		};
		77B7B3EC1B8A2547007B858E /* Build configuration list for PBXNativeTarget "7.堆与堆排序" */ = {
			isa = XCConfigurationList;
			buildConfigurations = (
				77B7B3ED1B8A2547007B858E /* Debug */,
				77B7B3EE1B8A2547007B858E /* Release */,
			);
			defaultConfigurationIsVisible = 0;
		};
/* End XCConfigurationList section */
	};
	rootObject = 77B7B3DD1B8A2547007B858E /* Project object */;
}
